
Microsoft Visual Studio Solution File, Format Version 12.00
# Visual Studio Version 17
VisualStudioVersion = 17.5.33502.453
MinimumVisualStudioVersion = 10.0.40219.1
Project("{FAE04EC0-301F-11D3-BF4B-00C04F79EFBC}") = "واجب3", "واجب3.csproj", "{44F28A00-102E-497E-AD40-522309153E74}"
EndProject
Global
	GlobalSection(SolutionConfigurationPlatforms) = preSolution
		Debug|Any CPU = Debug|Any CPU
		Release|Any CPU = Release|Any CPU
	EndGlobalSection
	GlobalSection(ProjectConfigurationPlatforms) = postSolution
		{44F28A00-102E-497E-AD40-522309153E74}.Debug|Any CPU.ActiveCfg = Debug|Any CPU
		{44F28A00-102E-497E-AD40-522309153E74}.Debug|Any CPU.Build.0 = Debug|Any CPU
		{44F28A00-102E-497E-AD40-522309153E74}.Release|Any CPU.ActiveCfg = Release|Any CPU
		{44F28A00-102E-497E-AD40-522309153E74}.Release|Any CPU.Build.0 = Release|Any CPU
	EndGlobalSection
	GlobalSection(SolutionProperties) = preSolution
		HideSolutionNode = FALSE
	EndGlobalSection
	GlobalSection(ExtensibilityGlobals) = postSolution
		SolutionGuid = {E2EA5631-2448-478E-8721-E2C630134470}
	EndGlobalSection
EndGlobal
